
Microsoft Visual Studio Solution File, Format Version 12.00
# Visual Studio Version 17
VisualStudioVersion = 17.9.34728.123
MinimumVisualStudioVersion = 10.0.40219.1
Project("{FAE04EC0-301F-11D3-BF4B-00C04F79EFBC}") = "LabelEtykieta1", "LabelEtykieta1.csproj", "{3616B189-7A2C-44BD-95F3-C8D5087D754A}"
EndProject
Global
	GlobalSection(SolutionConfigurationPlatforms) = preSolution
		Debug|Any CPU = Debug|Any CPU
		Release|Any CPU = Release|Any CPU
	EndGlobalSection
	GlobalSection(ProjectConfigurationPlatforms) = postSolution
		{3616B189-7A2C-44BD-95F3-C8D5087D754A}.Debug|Any CPU.ActiveCfg = Debug|Any CPU
		{3616B189-7A2C-44BD-95F3-C8D5087D754A}.Debug|Any CPU.Build.0 = Debug|Any CPU
		{3616B189-7A2C-44BD-95F3-C8D5087D754A}.Release|Any CPU.ActiveCfg = Release|Any CPU
		{3616B189-7A2C-44BD-95F3-C8D5087D754A}.Release|Any CPU.Build.0 = Release|Any CPU
	EndGlobalSection
	GlobalSection(SolutionProperties) = preSolution
		HideSolutionNode = FALSE
	EndGlobalSection
	GlobalSection(ExtensibilityGlobals) = postSolution
		SolutionGuid = {EE63CF9B-4336-4507-9C05-473A2466B5B4}
	EndGlobalSection
EndGlobal
